// !$*UTF8*$!
{
	archiveVersion = 1;
	classes = {
	};
	objectVersion = 56;
	objects = {

/* Begin PBXBuildFile section */
		9528B8BD290927BB0078DA53 /* BillerApp.swift in Sources */ = {isa = PBXBuildFile; fileRef = 9528B8BC290927BB0078DA53 /* BillerApp.swift */; };
		9528B8C1290927BC0078DA53 /* Assets.xcassets in Resources */ = {isa = PBXBuildFile; fileRef = 9528B8C0290927BC0078DA53 /* Assets.xcassets */; };
		9528B8C4290927BC0078DA53 /* Preview Assets.xcassets in Resources */ = {isa = PBXBuildFile; fileRef = 9528B8C3290927BC0078DA53 /* Preview Assets.xcassets */; };
		9528B8C6290927BC0078DA53 /* Persistence.swift in Sources */ = {isa = PBXBuildFile; fileRef = 9528B8C5290927BC0078DA53 /* Persistence.swift */; };
		9528B8D4290928820078DA53 /* FSCalendar in Frameworks */ = {isa = PBXBuildFile; productRef = 9528B8D3290928820078DA53 /* FSCalendar */; };
		9528B8D6290928E70078DA53 /* RootView.swift in Sources */ = {isa = PBXBuildFile; fileRef = 9528B8D5290928E70078DA53 /* RootView.swift */; };
		9528B8D8290929010078DA53 /* BillsView.swift in Sources */ = {isa = PBXBuildFile; fileRef = 9528B8D7290929010078DA53 /* BillsView.swift */; };
		9528B8DA2909290D0078DA53 /* SettingsView.swift in Sources */ = {isa = PBXBuildFile; fileRef = 9528B8D92909290D0078DA53 /* SettingsView.swift */; };
		9528B8DC2909291B0078DA53 /* AddBillView.swift in Sources */ = {isa = PBXBuildFile; fileRef = 9528B8DB2909291B0078DA53 /* AddBillView.swift */; };
		9528B8DE290929300078DA53 /* BillDetailView.swift in Sources */ = {isa = PBXBuildFile; fileRef = 9528B8DD290929300078DA53 /* BillDetailView.swift */; };
		9528B8E029092A180078DA53 /* CalendarView.swift in Sources */ = {isa = PBXBuildFile; fileRef = 9528B8DF29092A180078DA53 /* CalendarView.swift */; };
		9528B8E229092A370078DA53 /* CalendarViewRepresentable.swift in Sources */ = {isa = PBXBuildFile; fileRef = 9528B8E129092A370078DA53 /* CalendarViewRepresentable.swift */; };
		9528B8E8290B66450078DA53 /* NotificationsManager.swift in Sources */ = {isa = PBXBuildFile; fileRef = 9528B8E7290B66450078DA53 /* NotificationsManager.swift */; };
		9528B8F1290C689F0078DA53 /* CurrencyManager.swift in Sources */ = {isa = PBXBuildFile; fileRef = 9528B8F0290C689F0078DA53 /* CurrencyManager.swift */; };
		95D4403A290E762100B90D9A /* BillM.xcdatamodeld in Sources */ = {isa = PBXBuildFile; fileRef = 95D44038290E762100B90D9A /* BillM.xcdatamodeld */; };
		95D4403D290E79DB00B90D9A /* BillEntity+CoreDataClass.swift in Sources */ = {isa = PBXBuildFile; fileRef = 95D4403B290E79DB00B90D9A /* BillEntity+CoreDataClass.swift */; };
		95D4403E290E79DB00B90D9A /* BillEntity+CoreDataProperties.swift in Sources */ = {isa = PBXBuildFile; fileRef = 95D4403C290E79DB00B90D9A /* BillEntity+CoreDataProperties.swift */; };
		95D44040290F32EC00B90D9A /* Launch Screen.storyboard in Resources */ = {isa = PBXBuildFile; fileRef = 95D4403F290F32EC00B90D9A /* Launch Screen.storyboard */; };
		95D44042290F348500B90D9A /* LandingPageView.swift in Sources */ = {isa = PBXBuildFile; fileRef = 95D44041290F348500B90D9A /* LandingPageView.swift */; };
/* End PBXBuildFile section */

/* Begin PBXFileReference section */
		9528B8B9290927BB0078DA53 /* Biller.app */ = {isa = PBXFileReference; explicitFileType = wrapper.application; includeInIndex = 0; path = Biller.app; sourceTree = BUILT_PRODUCTS_DIR; };
		9528B8BC290927BB0078DA53 /* BillerApp.swift */ = {isa = PBXFileReference; lastKnownFileType = sourcecode.swift; path = BillerApp.swift; sourceTree = "<group>"; };
		9528B8C0290927BC0078DA53 /* Assets.xcassets */ = {isa = PBXFileReference; lastKnownFileType = folder.assetcatalog; path = Assets.xcassets; sourceTree = "<group>"; };
		9528B8C3290927BC0078DA53 /* Preview Assets.xcassets */ = {isa = PBXFileReference; lastKnownFileType = folder.assetcatalog; path = "Preview Assets.xcassets"; sourceTree = "<group>"; };
		9528B8C5290927BC0078DA53 /* Persistence.swift */ = {isa = PBXFileReference; lastKnownFileType = sourcecode.swift; path = Persistence.swift; sourceTree = "<group>"; };
		9528B8D5290928E70078DA53 /* RootView.swift */ = {isa = PBXFileReference; lastKnownFileType = sourcecode.swift; path = RootView.swift; sourceTree = "<group>"; };
		9528B8D7290929010078DA53 /* BillsView.swift */ = {isa = PBXFileReference; lastKnownFileType = sourcecode.swift; path = BillsView.swift; sourceTree = "<group>"; };
		9528B8D92909290D0078DA53 /* SettingsView.swift */ = {isa = PBXFileReference; lastKnownFileType = sourcecode.swift; path = SettingsView.swift; sourceTree = "<group>"; };
		9528B8DB2909291B0078DA53 /* AddBillView.swift */ = {isa = PBXFileReference; lastKnownFileType = sourcecode.swift; path = AddBillView.swift; sourceTree = "<group>"; };
		9528B8DD290929300078DA53 /* BillDetailView.swift */ = {isa = PBXFileReference; lastKnownFileType = sourcecode.swift; path = BillDetailView.swift; sourceTree = "<group>"; };
		9528B8DF29092A180078DA53 /* CalendarView.swift */ = {isa = PBXFileReference; lastKnownFileType = sourcecode.swift; path = CalendarView.swift; sourceTree = "<group>"; };
		9528B8E129092A370078DA53 /* CalendarViewRepresentable.swift */ = {isa = PBXFileReference; lastKnownFileType = sourcecode.swift; path = CalendarViewRepresentable.swift; sourceTree = "<group>"; };
		9528B8E7290B66450078DA53 /* NotificationsManager.swift */ = {isa = PBXFileReference; lastKnownFileType = sourcecode.swift; path = NotificationsManager.swift; sourceTree = "<group>"; };
		9528B8F0290C689F0078DA53 /* CurrencyManager.swift */ = {isa = PBXFileReference; lastKnownFileType = sourcecode.swift; path = CurrencyManager.swift; sourceTree = "<group>"; };
		95D44039290E762100B90D9A /* BillM.xcdatamodel */ = {isa = PBXFileReference; lastKnownFileType = wrapper.xcdatamodel; path = BillM.xcdatamodel; sourceTree = "<group>"; };
		95D4403B290E79DB00B90D9A /* BillEntity+CoreDataClass.swift */ = {isa = PBXFileReference; lastKnownFileType = sourcecode.swift; path = "BillEntity+CoreDataClass.swift"; sourceTree = "<group>"; };
		95D4403C290E79DB00B90D9A /* BillEntity+CoreDataProperties.swift */ = {isa = PBXFileReference; lastKnownFileType = sourcecode.swift; path = "BillEntity+CoreDataProperties.swift"; sourceTree = "<group>"; };
		95D4403F290F32EC00B90D9A /* Launch Screen.storyboard */ = {isa = PBXFileReference; lastKnownFileType = file.storyboard; path = "Launch Screen.storyboard"; sourceTree = "<group>"; };
		95D44041290F348500B90D9A /* LandingPageView.swift */ = {isa = PBXFileReference; lastKnownFileType = sourcecode.swift; path = LandingPageView.swift; sourceTree = "<group>"; };
/* End PBXFileReference section */

/* Begin PBXFrameworksBuildPhase section */
		9528B8B6290927BB0078DA53 /* Frameworks */ = {
			isa = PBXFrameworksBuildPhase;
			buildActionMask = 2147483647;
			files = (
				9528B8D4290928820078DA53 /* FSCalendar in Frameworks */,
			);
			runOnlyForDeploymentPostprocessing = 0;
		};
/* End PBXFrameworksBuildPhase section */

/* Begin PBXGroup section */
		9528B8B0290927BB0078DA53 = {
			isa = PBXGroup;
			children = (
				9528B8BB290927BB0078DA53 /* Biller */,
				9528B8BA290927BB0078DA53 /* Products */,
			);
			sourceTree = "<group>";
		};
		9528B8BA290927BB0078DA53 /* Products */ = {
			isa = PBXGroup;
			children = (
				9528B8B9290927BB0078DA53 /* Biller.app */,
			);
			name = Products;
			sourceTree = "<group>";
		};
		9528B8BB290927BB0078DA53 /* Biller */ = {
			isa = PBXGroup;
			children = (
				95D44038290E762100B90D9A /* BillM.xcdatamodeld */,
				95D4403F290F32EC00B90D9A /* Launch Screen.storyboard */,
				9528B8BC290927BB0078DA53 /* BillerApp.swift */,
				95D44041290F348500B90D9A /* LandingPageView.swift */,
				9528B8EF290C688D0078DA53 /* Currency */,
				9528B8D0290928470078DA53 /* Models */,
				9528B8CF290928400078DA53 /* Views */,
				9528B8C0290927BC0078DA53 /* Assets.xcassets */,
				9528B8C5290927BC0078DA53 /* Persistence.swift */,
				9528B8C2290927BC0078DA53 /* Preview Content */,
				9528B8E7290B66450078DA53 /* NotificationsManager.swift */,
			);
			path = Biller;
			sourceTree = "<group>";
		};
		9528B8C2290927BC0078DA53 /* Preview Content */ = {
			isa = PBXGroup;
			children = (
				9528B8C3290927BC0078DA53 /* Preview Assets.xcassets */,
			);
			path = "Preview Content";
			sourceTree = "<group>";
		};
		9528B8CF290928400078DA53 /* Views */ = {
			isa = PBXGroup;
			children = (
				9528B8D5290928E70078DA53 /* RootView.swift */,
				9528B8D7290929010078DA53 /* BillsView.swift */,
				9528B8D92909290D0078DA53 /* SettingsView.swift */,
				9528B8DB2909291B0078DA53 /* AddBillView.swift */,
				9528B8DD290929300078DA53 /* BillDetailView.swift */,
				9528B8D1290928650078DA53 /* calendar */,
			);
			path = Views;
			sourceTree = "<group>";
		};
		9528B8D0290928470078DA53 /* Models */ = {
			isa = PBXGroup;
			children = (
				95D4403B290E79DB00B90D9A /* BillEntity+CoreDataClass.swift */,
				95D4403C290E79DB00B90D9A /* BillEntity+CoreDataProperties.swift */,
			);
			path = Models;
			sourceTree = "<group>";
		};
		9528B8D1290928650078DA53 /* calendar */ = {
			isa = PBXGroup;
			children = (
				9528B8DF29092A180078DA53 /* CalendarView.swift */,
				9528B8E129092A370078DA53 /* CalendarViewRepresentable.swift */,
			);
			path = calendar;
			sourceTree = "<group>";
		};
		9528B8EF290C688D0078DA53 /* Currency */ = {
			isa = PBXGroup;
			children = (
				9528B8F0290C689F0078DA53 /* CurrencyManager.swift */,
			);
			path = Currency;
			sourceTree = "<group>";
		};
/* End PBXGroup section */

/* Begin PBXNativeTarget section */
		9528B8B8290927BB0078DA53 /* Biller */ = {
			isa = PBXNativeTarget;
			buildConfigurationList = 9528B8CC290927BC0078DA53 /* Build configuration list for PBXNativeTarget "Biller" */;
			buildPhases = (
				9528B8B5290927BB0078DA53 /* Sources */,
				9528B8B6290927BB0078DA53 /* Frameworks */,
				9528B8B7290927BB0078DA53 /* Resources */,
			);
			buildRules = (
			);
			dependencies = (
			);
			name = Biller;
			packageProductDependencies = (
				9528B8D3290928820078DA53 /* FSCalendar */,
			);
			productName = Biller;
			productReference = 9528B8B9290927BB0078DA53 /* Biller.app */;
			productType = "com.apple.product-type.application";
		};
/* End PBXNativeTarget section */

/* Begin PBXProject section */
		9528B8B1290927BB0078DA53 /* Project object */ = {
			isa = PBXProject;
			attributes = {
				BuildIndependentTargetsInParallel = 1;
				LastSwiftUpdateCheck = 1400;
				LastUpgradeCheck = 1400;
				TargetAttributes = {
					9528B8B8290927BB0078DA53 = {
						CreatedOnToolsVersion = 14.0.1;
					};
				};
			};
			buildConfigurationList = 9528B8B4290927BB0078DA53 /* Build configuration list for PBXProject "Biller" */;
			compatibilityVersion = "Xcode 14.0";
			developmentRegion = en;
			hasScannedForEncodings = 0;
			knownRegions = (
				en,
				Base,
			);
			mainGroup = 9528B8B0290927BB0078DA53;
			packageReferences = (
				9528B8D2290928820078DA53 /* XCRemoteSwiftPackageReference "FSCalendar" */,
			);
			productRefGroup = 9528B8BA290927BB0078DA53 /* Products */;
			projectDirPath = "";
			projectRoot = "";
			targets = (
				9528B8B8290927BB0078DA53 /* Biller */,
			);
		};
/* End PBXProject section */

/* Begin PBXResourcesBuildPhase section */
		9528B8B7290927BB0078DA53 /* Resources */ = {
			isa = PBXResourcesBuildPhase;
			buildActionMask = 2147483647;
			files = (
				95D44040290F32EC00B90D9A /* Launch Screen.storyboard in Resources */,
				9528B8C4290927BC0078DA53 /* Preview Assets.xcassets in Resources */,
				9528B8C1290927BC0078DA53 /* Assets.xcassets in Resources */,
			);
			runOnlyForDeploymentPostprocessing = 0;
		};
/* End PBXResourcesBuildPhase section */

/* Begin PBXSourcesBuildPhase section */
		9528B8B5290927BB0078DA53 /* Sources */ = {
			isa = PBXSourcesBuildPhase;
			buildActionMask = 2147483647;
			files = (
				9528B8DA2909290D0078DA53 /* SettingsView.swift in Sources */,
				9528B8C6290927BC0078DA53 /* Persistence.swift in Sources */,
				95D4403A290E762100B90D9A /* BillM.xcdatamodeld in Sources */,
				95D4403D290E79DB00B90D9A /* BillEntity+CoreDataClass.swift in Sources */,
				9528B8F1290C689F0078DA53 /* CurrencyManager.swift in Sources */,
				9528B8DC2909291B0078DA53 /* AddBillView.swift in Sources */,
				9528B8BD290927BB0078DA53 /* BillerApp.swift in Sources */,
				95D44042290F348500B90D9A /* LandingPageView.swift in Sources */,
				9528B8E229092A370078DA53 /* CalendarViewRepresentable.swift in Sources */,
				9528B8E029092A180078DA53 /* CalendarView.swift in Sources */,
				9528B8D6290928E70078DA53 /* RootView.swift in Sources */,
				9528B8E8290B66450078DA53 /* NotificationsManager.swift in Sources */,
				9528B8DE290929300078DA53 /* BillDetailView.swift in Sources */,
				9528B8D8290929010078DA53 /* BillsView.swift in Sources */,
				95D4403E290E79DB00B90D9A /* BillEntity+CoreDataProperties.swift in Sources */,
			);
			runOnlyForDeploymentPostprocessing = 0;
		};
/* End PBXSourcesBuildPhase section */

/* Begin XCBuildConfiguration section */
		9528B8CA290927BC0078DA53 /* Debug */ = {
			isa = XCBuildConfiguration;
			buildSettings = {
				ALWAYS_SEARCH_USER_PATHS = NO;
				CLANG_ANALYZER_NONNULL = YES;
				CLANG_ANALYZER_NUMBER_OBJECT_CONVERSION = YES_AGGRESSIVE;
				CLANG_CXX_LANGUAGE_STANDARD = "gnu++20";
				CLANG_ENABLE_MODULES = YES;
				CLANG_ENABLE_OBJC_ARC = YES;
				CLANG_ENABLE_OBJC_WEAK = YES;
				CLANG_WARN_BLOCK_CAPTURE_AUTORELEASING = YES;
				CLANG_WARN_BOOL_CONVERSION = YES;
				CLANG_WARN_COMMA = YES;
				CLANG_WARN_CONSTANT_CONVERSION = YES;
				CLANG_WARN_DEPRECATED_OBJC_IMPLEMENTATIONS = YES;
				CLANG_WARN_DIRECT_OBJC_ISA_USAGE = YES_ERROR;
				CLANG_WARN_DOCUMENTATION_COMMENTS = YES;
				CLANG_WARN_EMPTY_BODY = YES;
				CLANG_WARN_ENUM_CONVERSION = YES;
				CLANG_WARN_INFINITE_RECURSION = YES;
				CLANG_WARN_INT_CONVERSION = YES;
				CLANG_WARN_NON_LITERAL_NULL_CONVERSION = YES;
				CLANG_WARN_OBJC_IMPLICIT_RETAIN_SELF = YES;
				CLANG_WARN_OBJC_LITERAL_CONVERSION = YES;
				CLANG_WARN_OBJC_ROOT_CLASS = YES_ERROR;
				CLANG_WARN_QUOTED_INCLUDE_IN_FRAMEWORK_HEADER = YES;
				CLANG_WARN_RANGE_LOOP_ANALYSIS = YES;
				CLANG_WARN_STRICT_PROTOTYPES = YES;
				CLANG_WARN_SUSPICIOUS_MOVE = YES;
				CLANG_WARN_UNGUARDED_AVAILABILITY = YES_AGGRESSIVE;
				CLANG_WARN_UNREACHABLE_CODE = YES;
				CLANG_WARN__DUPLICATE_METHOD_MATCH = YES;
				COPY_PHASE_STRIP = NO;
				DEBUG_INFORMATION_FORMAT = dwarf;
				ENABLE_STRICT_OBJC_MSGSEND = YES;
				ENABLE_TESTABILITY = YES;
				GCC_C_LANGUAGE_STANDARD = gnu11;
				GCC_DYNAMIC_NO_PIC = NO;
				GCC_NO_COMMON_BLOCKS = YES;
				GCC_OPTIMIZATION_LEVEL = 0;
				GCC_PREPROCESSOR_DEFINITIONS = (
					"DEBUG=1",
					"$(inherited)",
				);
				GCC_WARN_64_TO_32_BIT_CONVERSION = YES;
				GCC_WARN_ABOUT_RETURN_TYPE = YES_ERROR;
				GCC_WARN_UNDECLARED_SELECTOR = YES;
				GCC_WARN_UNINITIALIZED_AUTOS = YES_AGGRESSIVE;
				GCC_WARN_UNUSED_FUNCTION = YES;
				GCC_WARN_UNUSED_VARIABLE = YES;
				IPHONEOS_DEPLOYMENT_TARGET = 16.0;
				MTL_ENABLE_DEBUG_INFO = INCLUDE_SOURCE;
				MTL_FAST_MATH = YES;
				ONLY_ACTIVE_ARCH = YES;
				SDKROOT = iphoneos;
				SWIFT_ACTIVE_COMPILATION_CONDITIONS = DEBUG;
				SWIFT_OPTIMIZATION_LEVEL = "-Onone";
			};
			name = Debug;
		};
		9528B8CB290927BC0078DA53 /* Release */ = {
			isa = XCBuildConfiguration;
			buildSettings = {
				ALWAYS_SEARCH_USER_PATHS = NO;
				CLANG_ANALYZER_NONNULL = YES;
				CLANG_ANALYZER_NUMBER_OBJECT_CONVERSION = YES_AGGRESSIVE;
				CLANG_CXX_LANGUAGE_STANDARD = "gnu++20";
				CLANG_ENABLE_MODULES = YES;
				CLANG_ENABLE_OBJC_ARC = YES;
				CLANG_ENABLE_OBJC_WEAK = YES;
				CLANG_WARN_BLOCK_CAPTURE_AUTORELEASING = YES;
				CLANG_WARN_BOOL_CONVERSION = YES;
				CLANG_WARN_COMMA = YES;
				CLANG_WARN_CONSTANT_CONVERSION = YES;
				CLANG_WARN_DEPRECATED_OBJC_IMPLEMENTATIONS = YES;
				CLANG_WARN_DIRECT_OBJC_ISA_USAGE = YES_ERROR;
				CLANG_WARN_DOCUMENTATION_COMMENTS = YES;
				CLANG_WARN_EMPTY_BODY = YES;
				CLANG_WARN_ENUM_CONVERSION = YES;
				CLANG_WARN_INFINITE_RECURSION = YES;
				CLANG_WARN_INT_CONVERSION = YES;
				CLANG_WARN_NON_LITERAL_NULL_CONVERSION = YES;
				CLANG_WARN_OBJC_IMPLICIT_RETAIN_SELF = YES;
				CLANG_WARN_OBJC_LITERAL_CONVERSION = YES;
				CLANG_WARN_OBJC_ROOT_CLASS = YES_ERROR;
				CLANG_WARN_QUOTED_INCLUDE_IN_FRAMEWORK_HEADER = YES;
				CLANG_WARN_RANGE_LOOP_ANALYSIS = YES;
				CLANG_WARN_STRICT_PROTOTYPES = YES;
				CLANG_WARN_SUSPICIOUS_MOVE = YES;
				CLANG_WARN_UNGUARDED_AVAILABILITY = YES_AGGRESSIVE;
				CLANG_WARN_UNREACHABLE_CODE = YES;
				CLANG_WARN__DUPLICATE_METHOD_MATCH = YES;
				COPY_PHASE_STRIP = NO;
				DEBUG_INFORMATION_FORMAT = "dwarf-with-dsym";
				ENABLE_NS_ASSERTIONS = NO;
				ENABLE_STRICT_OBJC_MSGSEND = YES;
				GCC_C_LANGUAGE_STANDARD = gnu11;
				GCC_NO_COMMON_BLOCKS = YES;
				GCC_WARN_64_TO_32_BIT_CONVERSION = YES;
				GCC_WARN_ABOUT_RETURN_TYPE = YES_ERROR;
				GCC_WARN_UNDECLARED_SELECTOR = YES;
				GCC_WARN_UNINITIALIZED_AUTOS = YES_AGGRESSIVE;
				GCC_WARN_UNUSED_FUNCTION = YES;
				GCC_WARN_UNUSED_VARIABLE = YES;
				IPHONEOS_DEPLOYMENT_TARGET = 16.0;
				MTL_ENABLE_DEBUG_INFO = NO;
				MTL_FAST_MATH = YES;
				SDKROOT = iphoneos;
				SWIFT_COMPILATION_MODE = wholemodule;
				SWIFT_OPTIMIZATION_LEVEL = "-O";
				VALIDATE_PRODUCT = YES;
			};
			name = Release;
		};
		9528B8CD290927BC0078DA53 /* Debug */ = {
			isa = XCBuildConfiguration;
			buildSettings = {
				ASSETCATALOG_COMPILER_APPICON_NAME = AppIcon;
				ASSETCATALOG_COMPILER_GLOBAL_ACCENT_COLOR_NAME = AccentColor;
				CODE_SIGN_STYLE = Automatic;
				CURRENT_PROJECT_VERSION = 1;
				DEVELOPMENT_ASSET_PATHS = "\"Biller/Preview Content\"";
				DEVELOPMENT_TEAM = A7DBQ3M5DG;
				ENABLE_PREVIEWS = YES;
				GENERATE_INFOPLIST_FILE = YES;
				INFOPLIST_KEY_LSApplicationCategoryType = "public.app-category.finance";
				INFOPLIST_KEY_UIApplicationSceneManifest_Generation = YES;
				INFOPLIST_KEY_UIApplicationSupportsIndirectInputEvents = YES;
				INFOPLIST_KEY_UILaunchScreen_Generation = YES;
				INFOPLIST_KEY_UILaunchStoryboardName = "Launch Screen.storyboard";
				INFOPLIST_KEY_UIStatusBarStyle = "";
				INFOPLIST_KEY_UISupportedInterfaceOrientations = UIInterfaceOrientationPortrait;
				INFOPLIST_KEY_UISupportedInterfaceOrientations_iPad = "UIInterfaceOrientationLandscapeLeft UIInterfaceOrientationLandscapeRight UIInterfaceOrientationPortrait UIInterfaceOrientationPortraitUpsideDown";
				IPHONEOS_DEPLOYMENT_TARGET = 15.0;
				LD_RUNPATH_SEARCH_PATHS = (
					"$(inherited)",
					"@executable_path/Frameworks",
				);
				MARKETING_VERSION = 1.0;
				PRODUCT_BUNDLE_IDENTIFIER = com.smithajea.Biller;
				PRODUCT_NAME = "$(TARGET_NAME)";
				SWIFT_EMIT_LOC_STRINGS = YES;
				SWIFT_VERSION = 5.0;
				TARGETED_DEVICE_FAMILY = "1,2";
			};
			name = Debug;
		};
		9528B8CE290927BC0078DA53 /* Release */ = {
			isa = XCBuildConfiguration;
			buildSettings = {
				ASSETCATALOG_COMPILER_APPICON_NAME = AppIcon;
				ASSETCATALOG_COMPILER_GLOBAL_ACCENT_COLOR_NAME = AccentColor;
				CODE_SIGN_STYLE = Automatic;
				CURRENT_PROJECT_VERSION = 1;
				DEVELOPMENT_ASSET_PATHS = "\"Biller/Preview Content\"";
				DEVELOPMENT_TEAM = A7DBQ3M5DG;
				ENABLE_PREVIEWS = YES;
				GENERATE_INFOPLIST_FILE = YES;
				INFOPLIST_KEY_LSApplicationCategoryType = "public.app-category.finance";
				INFOPLIST_KEY_UIApplicationSceneManifest_Generation = YES;
				INFOPLIST_KEY_UIApplicationSupportsIndirectInputEvents = YES;
				INFOPLIST_KEY_UILaunchScreen_Generation = YES;
				INFOPLIST_KEY_UILaunchStoryboardName = "Launch Screen.storyboard";
				INFOPLIST_KEY_UIStatusBarStyle = "";
				INFOPLIST_KEY_UISupportedInterfaceOrientations = UIInterfaceOrientationPortrait;
				INFOPLIST_KEY_UISupportedInterfaceOrientations_iPad = "UIInterfaceOrientationLandscapeLeft UIInterfaceOrientationLandscapeRight UIInterfaceOrientationPortrait UIInterfaceOrientationPortraitUpsideDown";
				IPHONEOS_DEPLOYMENT_TARGET = 15.0;
				LD_RUNPATH_SEARCH_PATHS = (
					"$(inherited)",
					"@executable_path/Frameworks",
				);
				MARKETING_VERSION = 1.0;
				PRODUCT_BUNDLE_IDENTIFIER = com.smithajea.Biller;
				PRODUCT_NAME = "$(TARGET_NAME)";
				SWIFT_EMIT_LOC_STRINGS = YES;
				SWIFT_VERSION = 5.0;
				TARGETED_DEVICE_FAMILY = "1,2";
			};
			name = Release;
		};
/* End XCBuildConfiguration section */

/* Begin XCConfigurationList section */
		9528B8B4290927BB0078DA53 /* Build configuration list for PBXProject "Biller" */ = {
			isa = XCConfigurationList;
			buildConfigurations = (
				9528B8CA290927BC0078DA53 /* Debug */,
				9528B8CB290927BC0078DA53 /* Release */,
			);
			defaultConfigurationIsVisible = 0;
			defaultConfigurationName = Release;
		};
		9528B8CC290927BC0078DA53 /* Build configuration list for PBXNativeTarget "Biller" */ = {
			isa = XCConfigurationList;
			buildConfigurations = (
				9528B8CD290927BC0078DA53 /* Debug */,
				9528B8CE290927BC0078DA53 /* Release */,
			);
			defaultConfigurationIsVisible = 0;
			defaultConfigurationName = Release;
		};
/* End XCConfigurationList section */

/* Begin XCRemoteSwiftPackageReference section */
		9528B8D2290928820078DA53 /* XCRemoteSwiftPackageReference "FSCalendar" */ = {
			isa = XCRemoteSwiftPackageReference;
			repositoryURL = "https://github.com/WenchaoD/FSCalendar.git";
			requirement = {
				branch = master;
				kind = branch;
			};
		};
/* End XCRemoteSwiftPackageReference section */

/* Begin XCSwiftPackageProductDependency section */
		9528B8D3290928820078DA53 /* FSCalendar */ = {
			isa = XCSwiftPackageProductDependency;
			package = 9528B8D2290928820078DA53 /* XCRemoteSwiftPackageReference "FSCalendar" */;
			productName = FSCalendar;
		};
/* End XCSwiftPackageProductDependency section */

/* Begin XCVersionGroup section */
		95D44038290E762100B90D9A /* BillM.xcdatamodeld */ = {
			isa = XCVersionGroup;
			children = (
				95D44039290E762100B90D9A /* BillM.xcdatamodel */,
			);
			currentVersion = 95D44039290E762100B90D9A /* BillM.xcdatamodel */;
			path = BillM.xcdatamodeld;
			sourceTree = "<group>";
			versionGroupType = wrapper.xcdatamodel;
		};
/* End XCVersionGroup section */
	};
	rootObject = 9528B8B1290927BB0078DA53 /* Project object */;
}
